{
  "version": "4",
  "specifiers": {
    "npm:@peculiar/x509@1.14.3": "1.14.3",
    "npm:@supabase/supabase-js@2.112.3": "2.112.3",
    "npm:@types/node@*": "22.12.0",
    "npm:cborg@6.1.1": "6.1.1",
    "npm:openai@6.37.0": "6.37.0_zod@4.4.3",
    "npm:zod@4.4.3": "4.4.3"
  },
  "npm": {
    "@peculiar/asn1-cms@2.9.3": {
      "integrity": "sha512-N3POfw5RA7efAliAATiudtmvKQqukVEOzrMQuqQY/us2EPKczMy2WiecLt1SX6s3b0OwcFaPUXGF6uIYlBUTbg==",
      "dependencies": [
        "@peculiar/asn1-schema",
        "@peculiar/asn1-x509",
        "@peculiar/asn1-x509-attr",
        "asn1js",
        "tslib@2.8.1"
      ]
    },
    "@peculiar/asn1-csr@2.9.3": {
      "integrity": "sha512-E9zYmC5mk7eiDKqQAOsZGrJ7mUCIDC0031s4Nsl7dj1Za5EBKcHVqY+1vD/a4xbk480PGqvi455W2b4FeHRJ8Q==",
      "dependencies": [
        "@peculiar/asn1-schema",
        "@peculiar/asn1-x509",
        "asn1js",
        "tslib@2.8.1"
      ]
    },
    "@peculiar/asn1-ecc@2.9.3": {
      "integrity": "sha512-4xmeZiZ46VI2qGbiZPzdv6p9IhMtjWdbwZf3VCgN8OAVcued60ej5Ki2FF94srVH4Ot/h45Co7T5C/fpQXP4rA==",
      "dependencies": [
        "@peculiar/asn1-schema",
        "@peculiar/asn1-x509",
        "asn1js",
        "tslib@2.8.1"
      ]
    },
    "@peculiar/asn1-pfx@2.9.3": {
      "integrity": "sha512-Nzwoj+fRr1XB9CQuc4AanUuvQ3OIXAY+ngZIYP+eZUqd+Sonj+ZHTnrg+egQuUJ64/iMi9HFPN04MokGrFTK0w==",
      "dependencies": [
        "@peculiar/asn1-cms",
        "@peculiar/asn1-pkcs8",
        "@peculiar/asn1-rsa",
        "@peculiar/asn1-schema",
        "asn1js",
        "tslib@2.8.1"
      ]
    },
    "@peculiar/asn1-pkcs8@2.9.3": {
      "integrity": "sha512-ecGZpkY6Lq5bSgTFU+LS74WjawzDgjWHcjFMVNPH/1C0j53Xi9dmLcPMdmZyk8gdsd2RKeV1fP9EbLB6W6zZ1g==",
      "dependencies": [
        "@peculiar/asn1-schema",
        "@peculiar/asn1-x509",
        "asn1js",
        "tslib@2.8.1"
      ]
    },
    "@peculiar/asn1-pkcs9@2.9.3": {
      "integrity": "sha512-yjWVrQEmPp2y9lWjLLE28BRHbt7wYdwWvwXjFgNuekP9mDD/ofz31muVI8qOg2as7XZs1bZIZGPPnJ/0osTClQ==",
      "dependencies": [
        "@peculiar/asn1-cms",
        "@peculiar/asn1-pfx",
        "@peculiar/asn1-pkcs8",
        "@peculiar/asn1-schema",
        "@peculiar/asn1-x509",
        "@peculiar/asn1-x509-attr",
        "asn1js",
        "tslib@2.8.1"
      ]
    },
    "@peculiar/asn1-rsa@2.9.3": {
      "integrity": "sha512-t7m3e9p/Gf9YoMM+hLsHUqB+NhOlifiOkENAIG4RV2BFWVGTATVzbXoR8L0EgNWpiriPaeIjBCS5B9PTtkaxQw==",
      "dependencies": [
        "@peculiar/asn1-schema",
        "@peculiar/asn1-x509",
        "asn1js",
        "tslib@2.8.1"
      ]
    },
    "@peculiar/asn1-schema@2.9.3": {
      "integrity": "sha512-SOux4+jikCnOwoJvpBp/grOqzFmJPnNSwe3sAg1Bn93YdmCiDtvolZifJIhiRq0UWMTnLRPj9/ZCMAc2W9VsMQ==",
      "dependencies": [
        "@peculiar/utils",
        "asn1js",
        "tslib@2.8.1"
      ]
    },
    "@peculiar/asn1-x509-attr@2.9.3": {
      "integrity": "sha512-v5Oa6p7hCT3ONqYHQyTFQYcycD06eMhHbr0m7evpvPQSpWJIq8GgbdnvA9bVGTUlOx6KOeDrX7Z0W4s/yboNTg==",
      "dependencies": [
        "@peculiar/asn1-schema",
        "@peculiar/asn1-x509",
        "asn1js",
        "tslib@2.8.1"
      ]
    },
    "@peculiar/asn1-x509@2.9.3": {
      "integrity": "sha512-HE+ejy9dX9JP3yLL6CGYoWym4Cted1lGXH7DxsbNDGiq8KabwVR7mzYidwsyNZ/m0hNWjiS+dzSwrsgMB/OIaQ==",
      "dependencies": [
        "@peculiar/asn1-schema",
        "@peculiar/utils",
        "asn1js",
        "tslib@2.8.1"
      ]
    },
    "@peculiar/utils@2.0.3": {
      "integrity": "sha512-+oL3HPFRIZ1St2K50lWCXiioIgSoxzz7R1J3uF6neO2yl1sgmpgY6XXJH4BdpoDkMWznQTeYF6oWNDZLCdQ4eQ==",
      "dependencies": [
        "tslib@2.8.1"
      ]
    },
    "@peculiar/x509@1.14.3": {
      "integrity": "sha512-C2Xj8FZ0uHWeCXXqX5B4/gVFQmtSkiuOolzAgutjTfseNOHT3pUjljDZsTSxXFGgio54bCzVFqmEOUrIVk8RDA==",
      "dependencies": [
        "@peculiar/asn1-cms",
        "@peculiar/asn1-csr",
        "@peculiar/asn1-ecc",
        "@peculiar/asn1-pkcs9",
        "@peculiar/asn1-rsa",
        "@peculiar/asn1-schema",
        "@peculiar/asn1-x509",
        "pvtsutils",
        "reflect-metadata",
        "tslib@2.8.1",
        "tsyringe"
      ]
    },
    "@supabase/auth-js@2.112.3": {
      "integrity": "sha512-NA0rsgAlWZPvbhw8aUdmgfpHVgUAcd8zK5ov43l++o1bLIPXZhRiAlRobhwF5AatQuovpqxsMH50F4oyyV4XZw==",
      "dependencies": [
        "tslib@2.8.1"
      ]
    },
    "@supabase/functions-js@2.112.3": {
      "integrity": "sha512-gfv481mTOVWtZIJgXupxZpni2V2UWPf6jeF/jOK7HdMHdH+mt6sU0sHHwf0POsPip8ltlulu9OUHgwVzl5ddRw==",
      "dependencies": [
        "tslib@2.8.1"
      ]
    },
    "@supabase/phoenix@0.4.5": {
      "integrity": "sha512-aAn9H9ovVyeApKy11OWOrrOGq8DV68yWeH4ud2lN9fzn4aO8Zb5GLL9m1pUg9nLqIcT+ZDfAcsZe0E/nqdv2lw=="
    },
    "@supabase/postgrest-js@2.112.3": {
      "integrity": "sha512-+Mf6uCpzr00bqxwX8hTK2X2L9eAL/1vuOjdEjx6upz9ulb0RmQT16XeU/JkMUlVHw/B46ZnPa2busY4Kd9YCzw==",
      "dependencies": [
        "tslib@2.8.1"
      ]
    },
    "@supabase/realtime-js@2.112.3": {
      "integrity": "sha512-E6wljXWs7DUOloyIB69i3YFInWE6IyCvgTAbQ0KYxOHv26FdA1KzEXTuzxrYEdf70t406Z9BRwUlGyclGF2FXA==",
      "dependencies": [
        "@supabase/phoenix",
        "tslib@2.8.1"
      ]
    },
    "@supabase/storage-js@2.112.3": {
      "integrity": "sha512-oSK61tzlUvg+BWPqpKQCu9qqonsO26btaoAR9D6Gest2aj7xUqToj9rKyaoYOJczkhg9BjqA1REbYy9tPI4bDA==",
      "dependencies": [
        "iceberg-js",
        "tslib@2.8.1"
      ]
    },
    "@supabase/supabase-js@2.112.3": {
      "integrity": "sha512-Jv1bxVQmEJNkjvPEhFaKjPzsh+Ozyew6lWGD+SoYcsclDEP1z7yEvKvfUQfzy0DkxRIQnZNxmmWtAzw5XLTQoA==",
      "dependencies": [
        "@supabase/auth-js",
        "@supabase/functions-js",
        "@supabase/postgrest-js",
        "@supabase/realtime-js",
        "@supabase/storage-js"
      ]
    },
    "@types/node@22.12.0": {
      "integrity": "sha512-Fll2FZ1riMjNmlmJOdAyY5pUbkftXslB5DgEzlIuNaiWhXd00FhWxVC/r4yV/4wBb9JfImTu+jiSvXTkJ7F/gA==",
      "dependencies": [
        "undici-types"
      ]
    },
    "asn1js@3.0.10": {
      "integrity": "sha512-S2s3aOytiKdFRdulw2qPE51MzjzVOisppcVv7jVFR+Kw0kxwvFrDcYA0h7Ndqbmj0HkMIXYWaoj7fli8kgx1eg==",
      "dependencies": [
        "pvtsutils",
        "pvutils",
        "tslib@2.8.1"
      ]
    },
    "cborg@6.1.1": {
      "integrity": "sha512-Ci8+V1OMFtqea8EXicsATqV+3kEqCGXCicM+5MEzpKTxqy58WMzhJUjtUqAjfWpKPZ0wpG8F+u5mC8Xy/0Zevg=="
    },
    "iceberg-js@0.8.1": {
      "integrity": "sha512-1dhVQZXhcHje7798IVM+xoo/1ZdVfzOMIc8/rgVSijRK38EDqOJoGula9N/8ZI5RD8QTxNQtK/Gozpr+qUqRRA=="
    },
    "openai@6.37.0_zod@4.4.3": {
      "integrity": "sha512-0H5dEGFmmLv6KSd0W1w2nyL8WsLkX6yoLeQpU+dZAOuGcany5qkYQMmj35ZrKgb6yiyYqpUzFOpR8mZQkgqeEQ==",
      "dependencies": [
        "zod"
      ]
    },
    "pvtsutils@1.3.6": {
      "integrity": "sha512-PLgQXQ6H2FWCaeRak8vvk1GW462lMxB5s3Jm673N82zI4vqtVUPuZdffdZbPDFRoU8kAhItWFtPCWiPpp4/EDg==",
      "dependencies": [
        "tslib@2.8.1"
      ]
    },
    "pvutils@1.2.0": {
      "integrity": "sha512-BbubeCEyTuQjVMakvJQ/Sxbc93F2pwmbsxONT/ZRrwU7Ua38d8unYTwXpTVLAKJ4BDuH9IGztCjQcd/N/39Dvg=="
    },
    "reflect-metadata@0.2.2": {
      "integrity": "sha512-urBwgfrvVP/eAyXx4hluJivBKzuEbSQs9rKWCrCkbSxNv8mxPcUZKeuoF3Uy4mJl3Lwprp6yy5/39VWigZ4K6Q=="
    },
    "tslib@1.14.1": {
      "integrity": "sha512-Xni35NKzjgMrwevysHTCArtLDpPvye8zV/0E4EyYn43P7/7qvQwPh9BGkHewbMulVntbigmcT7rdX3BNo9wRJg=="
    },
    "tslib@2.8.1": {
      "integrity": "sha512-oJFu94HQb+KVduSUQL7wnpmqnfmLsOA/nAh6b6EH0wCEoK0/mPeXU6c3wKDV83MkOuHPRHtSXKKU99IBazS/2w=="
    },
    "tsyringe@4.10.0": {
      "integrity": "sha512-axr3IdNuVIxnaK5XGEUFTu3YmAQ6lllgrvqfEoR16g/HGnYY/6We4oWENtAnzK6/LpJ2ur9PAb80RBt7/U4ugw==",
      "dependencies": [
        "tslib@1.14.1"
      ]
    },
    "undici-types@6.20.0": {
      "integrity": "sha512-Ny6QZ2Nju20vw1SRHe3d9jVu6gJ+4e3+MMpqu7pqE5HT6WsTSlce++GQmK5UXS8mzV8DSYHrQH+Xrf2jVcuKNg=="
    },
    "zod@4.4.3": {
      "integrity": "sha512-ytENFjIJFl2UwYglde2jchW2Hwm4GJFLDiSXWdTrJQBIN9Fcyp7n4DhxJEiWNAJMV1/BqWfW/kkg71UDcHJyTQ=="
    }
  }
}
